// !$*UTF8*$!
{
	archiveVersion = 1;
	classes = {
	};
	objectVersion = 56;
	objects = {

/* Begin PBXBuildFile section */
		A0E47F062DF731D6009DEDB8 /* WalletApp.swift in Sources */ = {isa = PBXBuildFile; fileRef = A0E47F052DF731D6009DEDB8 /* WalletApp.swift */; };
		A0E47F082DF731D6009DEDB8 /* ContentView.swift in Sources */ = {isa = PBXBuildFile; fileRef = A0E47F072DF731D6009DEDB8 /* ContentView.swift */; };
		A0E47F0A2DF731D6009DEDB8 /* Item.swift in Sources */ = {isa = PBXBuildFile; fileRef = A0E47F092DF731D6009DEDB8 /* Item.swift */; };
		A0E47F0C2DF731D9009DEDB8 /* Assets.xcassets in Resources */ = {isa = PBXBuildFile; fileRef = A0E47F0B2DF731D9009DEDB8 /* Assets.xcassets */; };
		A0E47F0F2DF731D9009DEDB8 /* Preview Assets.xcassets in Resources */ = {isa = PBXBuildFile; fileRef = A0E47F0E2DF731D9009DEDB8 /* Preview Assets.xcassets */; };
		A0E47F192DF731D9009DEDB8 /* WalletTests.swift in Sources */ = {isa = PBXBuildFile; fileRef = A0E47F182DF731D9009DEDB8 /* WalletTests.swift */; };
		A0E47F232DF731D9009DEDB8 /* WalletUITests.swift in Sources */ = {isa = PBXBuildFile; fileRef = A0E47F222DF731D9009DEDB8 /* WalletUITests.swift */; };
		A0E47F252DF731D9009DEDB8 /* WalletUITestsLaunchTests.swift in Sources */ = {isa = PBXBuildFile; fileRef = A0E47F242DF731D9009DEDB8 /* WalletUITestsLaunchTests.swift */; };
/* End PBXBuildFile section */

/* Begin PBXContainerItemProxy section */
		A0E47F152DF731D9009DEDB8 /* PBXContainerItemProxy */ = {
			isa = PBXContainerItemProxy;
			containerPortal = A0E47EFA2DF731D6009DEDB8 /* Project object */;
			proxyType = 1;
			remoteGlobalIDString = A0E47F012DF731D6009DEDB8;
			remoteInfo = Wallet;
		};
		A0E47F1F2DF731D9009DEDB8 /* PBXContainerItemProxy */ = {
			isa = PBXContainerItemProxy;
			containerPortal = A0E47EFA2DF731D6009DEDB8 /* Project object */;
			proxyType = 1;
			remoteGlobalIDString = A0E47F012DF731D6009DEDB8;
			remoteInfo = Wallet;
		};
/* End PBXContainerItemProxy section */

/* Begin PBXFileReference section */
		A0E47F022DF731D6009DEDB8 /* Wallet.app */ = {isa = PBXFileReference; explicitFileType = wrapper.application; includeInIndex = 0; path = Wallet.app; sourceTree = BUILT_PRODUCTS_DIR; };
		A0E47F052DF731D6009DEDB8 /* WalletApp.swift */ = {isa = PBXFileReference; lastKnownFileType = sourcecode.swift; path = WalletApp.swift; sourceTree = "<group>"; };
		A0E47F072DF731D6009DEDB8 /* ContentView.swift */ = {isa = PBXFileReference; lastKnownFileType = sourcecode.swift; path = ContentView.swift; sourceTree = "<group>"; };
		A0E47F092DF731D6009DEDB8 /* Item.swift */ = {isa = PBXFileReference; lastKnownFileType = sourcecode.swift; path = Item.swift; sourceTree = "<group>"; };
		A0E47F0B2DF731D9009DEDB8 /* Assets.xcassets */ = {isa = PBXFileReference; lastKnownFileType = folder.assetcatalog; path = Assets.xcassets; sourceTree = "<group>"; };
		A0E47F0E2DF731D9009DEDB8 /* Preview Assets.xcassets */ = {isa = PBXFileReference; lastKnownFileType = folder.assetcatalog; path = "Preview Assets.xcassets"; sourceTree = "<group>"; };
		A0E47F142DF731D9009DEDB8 /* WalletTests.xctest */ = {isa = PBXFileReference; explicitFileType = wrapper.cfbundle; includeInIndex = 0; path = WalletTests.xctest; sourceTree = BUILT_PRODUCTS_DIR; };
		A0E47F182DF731D9009DEDB8 /* WalletTests.swift */ = {isa = PBXFileReference; lastKnownFileType = sourcecode.swift; path = WalletTests.swift; sourceTree = "<group>"; };
		A0E47F1E2DF731D9009DEDB8 /* WalletUITests.xctest */ = {isa = PBXFileReference; explicitFileType = wrapper.cfbundle; includeInIndex = 0; path = WalletUITests.xctest; sourceTree = BUILT_PRODUCTS_DIR; };
		A0E47F222DF731D9009DEDB8 /* WalletUITests.swift */ = {isa = PBXFileReference; lastKnownFileType = sourcecode.swift; path = WalletUITests.swift; sourceTree = "<group>"; };
		A0E47F242DF731D9009DEDB8 /* WalletUITestsLaunchTests.swift */ = {isa = PBXFileReference; lastKnownFileType = sourcecode.swift; path = WalletUITestsLaunchTests.swift; sourceTree = "<group>"; };
/* End PBXFileReference section */

/* Begin PBXFrameworksBuildPhase section */
		A0E47EFF2DF731D6009DEDB8 /* Frameworks */ = {
			isa = PBXFrameworksBuildPhase;
			buildActionMask = 2147483647;
			files = (
			);
			runOnlyForDeploymentPostprocessing = 0;
		};
		A0E47F112DF731D9009DEDB8 /* Frameworks */ = {
			isa = PBXFrameworksBuildPhase;
			buildActionMask = 2147483647;
			files = (
			);
			runOnlyForDeploymentPostprocessing = 0;
		};
		A0E47F1B2DF731D9009DEDB8 /* Frameworks */ = {
			isa = PBXFrameworksBuildPhase;
			buildActionMask = 2147483647;
			files = (
			);
			runOnlyForDeploymentPostprocessing = 0;
		};
/* End PBXFrameworksBuildPhase section */

/* Begin PBXGroup section */
		A0E47EF92DF731D6009DEDB8 = {
			isa = PBXGroup;
			children = (
				A0E47F042DF731D6009DEDB8 /* Wallet */,
				A0E47F172DF731D9009DEDB8 /* WalletTests */,
				A0E47F212DF731D9009DEDB8 /* WalletUITests */,
				A0E47F032DF731D6009DEDB8 /* Products */,
			);
			sourceTree = "<group>";
		};
		A0E47F032DF731D6009DEDB8 /* Products */ = {
			isa = PBXGroup;
			children = (
				A0E47F022DF731D6009DEDB8 /* Wallet.app */,
				A0E47F142DF731D9009DEDB8 /* WalletTests.xctest */,
				A0E47F1E2DF731D9009DEDB8 /* WalletUITests.xctest */,
			);
			name = Products;
			sourceTree = "<group>";
		};
		A0E47F042DF731D6009DEDB8 /* Wallet */ = {
			isa = PBXGroup;
			children = (
				A0E47F052DF731D6009DEDB8 /* WalletApp.swift */,
				A0E47F072DF731D6009DEDB8 /* ContentView.swift */,
				A0E47F092DF731D6009DEDB8 /* Item.swift */,
				A0E47F0B2DF731D9009DEDB8 /* Assets.xcassets */,
				A0E47F0D2DF731D9009DEDB8 /* Preview Content */,
			);
			path = Wallet;
			sourceTree = "<group>";
		};
		A0E47F0D2DF731D9009DEDB8 /* Preview Content */ = {
			isa = PBXGroup;
			children = (
				A0E47F0E2DF731D9009DEDB8 /* Preview Assets.xcassets */,
			);
			path = "Preview Content";
			sourceTree = "<group>";
		};
		A0E47F172DF731D9009DEDB8 /* WalletTests */ = {
			isa = PBXGroup;
			children = (
				A0E47F182DF731D9009DEDB8 /* WalletTests.swift */,
			);
			path = WalletTests;
			sourceTree = "<group>";
		};
		A0E47F212DF731D9009DEDB8 /* WalletUITests */ = {
			isa = PBXGroup;
			children = (
				A0E47F222DF731D9009DEDB8 /* WalletUITests.swift */,
				A0E47F242DF731D9009DEDB8 /* WalletUITestsLaunchTests.swift */,
			);
			path = WalletUITests;
			sourceTree = "<group>";
		};
/* End PBXGroup section */

/* Begin PBXNativeTarget section */
		A0E47F012DF731D6009DEDB8 /* Wallet */ = {
			isa = PBXNativeTarget;
			buildConfigurationList = A0E47F282DF731D9009DEDB8 /* Build configuration list for PBXNativeTarget "Wallet" */;
			buildPhases = (
				A0E47EFE2DF731D6009DEDB8 /* Sources */,
				A0E47EFF2DF731D6009DEDB8 /* Frameworks */,
				A0E47F002DF731D6009DEDB8 /* Resources */,
			);
			buildRules = (
			);
			dependencies = (
			);
			name = Wallet;
			productName = Wallet;
			productReference = A0E47F022DF731D6009DEDB8 /* Wallet.app */;
			productType = "com.apple.product-type.application";
		};
		A0E47F132DF731D9009DEDB8 /* WalletTests */ = {
			isa = PBXNativeTarget;
			buildConfigurationList = A0E47F2B2DF731D9009DEDB8 /* Build configuration list for PBXNativeTarget "WalletTests" */;
			buildPhases = (
				A0E47F102DF731D9009DEDB8 /* Sources */,
				A0E47F112DF731D9009DEDB8 /* Frameworks */,
				A0E47F122DF731D9009DEDB8 /* Resources */,
			);
			buildRules = (
			);
			dependencies = (
				A0E47F162DF731D9009DEDB8 /* PBXTargetDependency */,
			);
			name = WalletTests;
			productName = WalletTests;
			productReference = A0E47F142DF731D9009DEDB8 /* WalletTests.xctest */;
			productType = "com.apple.product-type.bundle.unit-test";
		};
		A0E47F1D2DF731D9009DEDB8 /* WalletUITests */ = {
			isa = PBXNativeTarget;
			buildConfigurationList = A0E47F2E2DF731D9009DEDB8 /* Build configuration list for PBXNativeTarget "WalletUITests" */;
			buildPhases = (
				A0E47F1A2DF731D9009DEDB8 /* Sources */,
				A0E47F1B2DF731D9009DEDB8 /* Frameworks */,
				A0E47F1C2DF731D9009DEDB8 /* Resources */,
			);
			buildRules = (
			);
			dependencies = (
				A0E47F202DF731D9009DEDB8 /* PBXTargetDependency */,
			);
			name = WalletUITests;
			productName = WalletUITests;
			productReference = A0E47F1E2DF731D9009DEDB8 /* WalletUITests.xctest */;
			productType = "com.apple.product-type.bundle.ui-testing";
		};
/* End PBXNativeTarget section */

/* Begin PBXProject section */
		A0E47EFA2DF731D6009DEDB8 /* Project object */ = {
			isa = PBXProject;
			attributes = {
				BuildIndependentTargetsInParallel = 1;
				LastSwiftUpdateCheck = 1540;
				LastUpgradeCheck = 1540;
				TargetAttributes = {
					A0E47F012DF731D6009DEDB8 = {
						CreatedOnToolsVersion = 15.4;
					};
					A0E47F132DF731D9009DEDB8 = {
						CreatedOnToolsVersion = 15.4;
						TestTargetID = A0E47F012DF731D6009DEDB8;
					};
					A0E47F1D2DF731D9009DEDB8 = {
						CreatedOnToolsVersion = 15.4;
						TestTargetID = A0E47F012DF731D6009DEDB8;
					};
				};
			};
			buildConfigurationList = A0E47EFD2DF731D6009DEDB8 /* Build configuration list for PBXProject "Wallet" */;
			compatibilityVersion = "Xcode 14.0";
			developmentRegion = en;
			hasScannedForEncodings = 0;
			knownRegions = (
				en,
				Base,
			);
			mainGroup = A0E47EF92DF731D6009DEDB8;
			productRefGroup = A0E47F032DF731D6009DEDB8 /* Products */;
			projectDirPath = "";
			projectRoot = "";
			targets = (
				A0E47F012DF731D6009DEDB8 /* Wallet */,
				A0E47F132DF731D9009DEDB8 /* WalletTests */,
				A0E47F1D2DF731D9009DEDB8 /* WalletUITests */,
			);
		};
/* End PBXProject section */

/* Begin PBXResourcesBuildPhase section */
		A0E47F002DF731D6009DEDB8 /* Resources */ = {
			isa = PBXResourcesBuildPhase;
			buildActionMask = 2147483647;
			files = (
				A0E47F0F2DF731D9009DEDB8 /* Preview Assets.xcassets in Resources */,
				A0E47F0C2DF731D9009DEDB8 /* Assets.xcassets in Resources */,
			);
			runOnlyForDeploymentPostprocessing = 0;
		};
		A0E47F122DF731D9009DEDB8 /* Resources */ = {
			isa = PBXResourcesBuildPhase;
			buildActionMask = 2147483647;
			files = (
			);
			runOnlyForDeploymentPostprocessing = 0;
		};
		A0E47F1C2DF731D9009DEDB8 /* Resources */ = {
			isa = PBXResourcesBuildPhase;
			buildActionMask = 2147483647;
			files = (
			);
			runOnlyForDeploymentPostprocessing = 0;
		};
/* End PBXResourcesBuildPhase section */

/* Begin PBXSourcesBuildPhase section */
		A0E47EFE2DF731D6009DEDB8 /* Sources */ = {
			isa = PBXSourcesBuildPhase;
			buildActionMask = 2147483647;
			files = (
				A0E47F082DF731D6009DEDB8 /* ContentView.swift in Sources */,
				A0E47F0A2DF731D6009DEDB8 /* Item.swift in Sources */,
				A0E47F062DF731D6009DEDB8 /* WalletApp.swift in Sources */,
			);
			runOnlyForDeploymentPostprocessing = 0;
		};
		A0E47F102DF731D9009DEDB8 /* Sources */ = {
			isa = PBXSourcesBuildPhase;
			buildActionMask = 2147483647;
			files = (
				A0E47F192DF731D9009DEDB8 /* WalletTests.swift in Sources */,
			);
			runOnlyForDeploymentPostprocessing = 0;
		};
		A0E47F1A2DF731D9009DEDB8 /* Sources */ = {
			isa = PBXSourcesBuildPhase;
			buildActionMask = 2147483647;
			files = (
				A0E47F232DF731D9009DEDB8 /* WalletUITests.swift in Sources */,
				A0E47F252DF731D9009DEDB8 /* WalletUITestsLaunchTests.swift in Sources */,
			);
			runOnlyForDeploymentPostprocessing = 0;
		};
/* End PBXSourcesBuildPhase section */

/* Begin PBXTargetDependency section */
		A0E47F162DF731D9009DEDB8 /* PBXTargetDependency */ = {
			isa = PBXTargetDependency;
			target = A0E47F012DF731D6009DEDB8 /* Wallet */;
			targetProxy = A0E47F152DF731D9009DEDB8 /* PBXContainerItemProxy */;
		};
		A0E47F202DF731D9009DEDB8 /* PBXTargetDependency */ = {
			isa = PBXTargetDependency;
			target = A0E47F012DF731D6009DEDB8 /* Wallet */;
			targetProxy = A0E47F1F2DF731D9009DEDB8 /* PBXContainerItemProxy */;
		};
/* End PBXTargetDependency section */

/* Begin XCBuildConfiguration section */
		A0E47F262DF731D9009DEDB8 /* Debug */ = {
			isa = XCBuildConfiguration;
			buildSettings = {
				ALWAYS_SEARCH_USER_PATHS = NO;
				ASSETCATALOG_COMPILER_GENERATE_SWIFT_ASSET_SYMBOL_EXTENSIONS = YES;
				CLANG_ANALYZER_NONNULL = YES;
				CLANG_ANALYZER_NUMBER_OBJECT_CONVERSION = YES_AGGRESSIVE;
				CLANG_CXX_LANGUAGE_STANDARD = "gnu++20";
				CLANG_ENABLE_MODULES = YES;
				CLANG_ENABLE_OBJC_ARC = YES;
				CLANG_ENABLE_OBJC_WEAK = YES;
				CLANG_WARN_BLOCK_CAPTURE_AUTORELEASING = YES;
				CLANG_WARN_BOOL_CONVERSION = YES;
				CLANG_WARN_COMMA = YES;
				CLANG_WARN_CONSTANT_CONVERSION = YES;
				CLANG_WARN_DEPRECATED_OBJC_IMPLEMENTATIONS = YES;
				CLANG_WARN_DIRECT_OBJC_ISA_USAGE = YES_ERROR;
				CLANG_WARN_DOCUMENTATION_COMMENTS = YES;
				CLANG_WARN_EMPTY_BODY = YES;
				CLANG_WARN_ENUM_CONVERSION = YES;
				CLANG_WARN_INFINITE_RECURSION = YES;
				CLANG_WARN_INT_CONVERSION = YES;
				CLANG_WARN_NON_LITERAL_NULL_CONVERSION = YES;
				CLANG_WARN_OBJC_IMPLICIT_RETAIN_SELF = YES;
				CLANG_WARN_OBJC_LITERAL_CONVERSION = YES;
				CLANG_WARN_OBJC_ROOT_CLASS = YES_ERROR;
				CLANG_WARN_QUOTED_INCLUDE_IN_FRAMEWORK_HEADER = YES;
				CLANG_WARN_RANGE_LOOP_ANALYSIS = YES;
				CLANG_WARN_STRICT_PROTOTYPES = YES;
				CLANG_WARN_SUSPICIOUS_MOVE = YES;
				CLANG_WARN_UNGUARDED_AVAILABILITY = YES_AGGRESSIVE;
				CLANG_WARN_UNREACHABLE_CODE = YES;
				CLANG_WARN__DUPLICATE_METHOD_MATCH = YES;
				COPY_PHASE_STRIP = NO;
				DEBUG_INFORMATION_FORMAT = dwarf;
				ENABLE_STRICT_OBJC_MSGSEND = YES;
				ENABLE_TESTABILITY = YES;
				ENABLE_USER_SCRIPT_SANDBOXING = YES;
				GCC_C_LANGUAGE_STANDARD = gnu17;
				GCC_DYNAMIC_NO_PIC = NO;
				GCC_NO_COMMON_BLOCKS = YES;
				GCC_OPTIMIZATION_LEVEL = 0;
				GCC_PREPROCESSOR_DEFINITIONS = (
					"DEBUG=1",
					"$(inherited)",
				);
				GCC_WARN_64_TO_32_BIT_CONVERSION = YES;
				GCC_WARN_ABOUT_RETURN_TYPE = YES_ERROR;
				GCC_WARN_UNDECLARED_SELECTOR = YES;
				GCC_WARN_UNINITIALIZED_AUTOS = YES_AGGRESSIVE;
				GCC_WARN_UNUSED_FUNCTION = YES;
				GCC_WARN_UNUSED_VARIABLE = YES;
				IPHONEOS_DEPLOYMENT_TARGET = 17.5;
				LOCALIZATION_PREFERS_STRING_CATALOGS = YES;
				MTL_ENABLE_DEBUG_INFO = INCLUDE_SOURCE;
				MTL_FAST_MATH = YES;
				ONLY_ACTIVE_ARCH = YES;
				SDKROOT = iphoneos;
				SWIFT_ACTIVE_COMPILATION_CONDITIONS = "DEBUG $(inherited)";
				SWIFT_OPTIMIZATION_LEVEL = "-Onone";
			};
			name = Debug;
		};
		A0E47F272DF731D9009DEDB8 /* Release */ = {
			isa = XCBuildConfiguration;
			buildSettings = {
				ALWAYS_SEARCH_USER_PATHS = NO;
				ASSETCATALOG_COMPILER_GENERATE_SWIFT_ASSET_SYMBOL_EXTENSIONS = YES;
				CLANG_ANALYZER_NONNULL = YES;
				CLANG_ANALYZER_NUMBER_OBJECT_CONVERSION = YES_AGGRESSIVE;
				CLANG_CXX_LANGUAGE_STANDARD = "gnu++20";
				CLANG_ENABLE_MODULES = YES;
				CLANG_ENABLE_OBJC_ARC = YES;
				CLANG_ENABLE_OBJC_WEAK = YES;
				CLANG_WARN_BLOCK_CAPTURE_AUTORELEASING = YES;
				CLANG_WARN_BOOL_CONVERSION = YES;
				CLANG_WARN_COMMA = YES;
				CLANG_WARN_CONSTANT_CONVERSION = YES;
				CLANG_WARN_DEPRECATED_OBJC_IMPLEMENTATIONS = YES;
				CLANG_WARN_DIRECT_OBJC_ISA_USAGE = YES_ERROR;
				CLANG_WARN_DOCUMENTATION_COMMENTS = YES;
				CLANG_WARN_EMPTY_BODY = YES;
				CLANG_WARN_ENUM_CONVERSION = YES;
				CLANG_WARN_INFINITE_RECURSION = YES;
				CLANG_WARN_INT_CONVERSION = YES;
				CLANG_WARN_NON_LITERAL_NULL_CONVERSION = YES;
				CLANG_WARN_OBJC_IMPLICIT_RETAIN_SELF = YES;
				CLANG_WARN_OBJC_LITERAL_CONVERSION = YES;
				CLANG_WARN_OBJC_ROOT_CLASS = YES_ERROR;
				CLANG_WARN_QUOTED_INCLUDE_IN_FRAMEWORK_HEADER = YES;
				CLANG_WARN_RANGE_LOOP_ANALYSIS = YES;
				CLANG_WARN_STRICT_PROTOTYPES = YES;
				CLANG_WARN_SUSPICIOUS_MOVE = YES;
				CLANG_WARN_UNGUARDED_AVAILABILITY = YES_AGGRESSIVE;
				CLANG_WARN_UNREACHABLE_CODE = YES;
				CLANG_WARN__DUPLICATE_METHOD_MATCH = YES;
				COPY_PHASE_STRIP = NO;
				DEBUG_INFORMATION_FORMAT = "dwarf-with-dsym";
				ENABLE_NS_ASSERTIONS = NO;
				ENABLE_STRICT_OBJC_MSGSEND = YES;
				ENABLE_USER_SCRIPT_SANDBOXING = YES;
				GCC_C_LANGUAGE_STANDARD = gnu17;
				GCC_NO_COMMON_BLOCKS = YES;
				GCC_WARN_64_TO_32_BIT_CONVERSION = YES;
				GCC_WARN_ABOUT_RETURN_TYPE = YES_ERROR;
				GCC_WARN_UNDECLARED_SELECTOR = YES;
				GCC_WARN_UNINITIALIZED_AUTOS = YES_AGGRESSIVE;
				GCC_WARN_UNUSED_FUNCTION = YES;
				GCC_WARN_UNUSED_VARIABLE = YES;
				IPHONEOS_DEPLOYMENT_TARGET = 17.5;
				LOCALIZATION_PREFERS_STRING_CATALOGS = YES;
				MTL_ENABLE_DEBUG_INFO = NO;
				MTL_FAST_MATH = YES;
				SDKROOT = iphoneos;
				SWIFT_COMPILATION_MODE = wholemodule;
				VALIDATE_PRODUCT = YES;
			};
			name = Release;
		};
		A0E47F292DF731D9009DEDB8 /* Debug */ = {
			isa = XCBuildConfiguration;
			buildSettings = {
				ASSETCATALOG_COMPILER_APPICON_NAME = AppIcon;
				ASSETCATALOG_COMPILER_GLOBAL_ACCENT_COLOR_NAME = AccentColor;
				CODE_SIGN_STYLE = Automatic;
				CURRENT_PROJECT_VERSION = 1;
				DEVELOPMENT_ASSET_PATHS = "\"Wallet/Preview Content\"";
				ENABLE_PREVIEWS = YES;
				GENERATE_INFOPLIST_FILE = YES;
				INFOPLIST_KEY_UIApplicationSceneManifest_Generation = YES;
				INFOPLIST_KEY_UIApplicationSupportsIndirectInputEvents = YES;
				INFOPLIST_KEY_UILaunchScreen_Generation = YES;
				INFOPLIST_KEY_UISupportedInterfaceOrientations_iPad = "UIInterfaceOrientationPortrait UIInterfaceOrientationPortraitUpsideDown UIInterfaceOrientationLandscapeLeft UIInterfaceOrientationLandscapeRight";
				INFOPLIST_KEY_UISupportedInterfaceOrientations_iPhone = "UIInterfaceOrientationPortrait UIInterfaceOrientationLandscapeLeft UIInterfaceOrientationLandscapeRight";
				LD_RUNPATH_SEARCH_PATHS = (
					"$(inherited)",
					"@executable_path/Frameworks",
				);
				MARKETING_VERSION = 1.0;
				PRODUCT_BUNDLE_IDENTIFIER = com.ladletl.Wallet;
				PRODUCT_NAME = "$(TARGET_NAME)";
				SWIFT_EMIT_LOC_STRINGS = YES;
				SWIFT_VERSION = 5.0;
				TARGETED_DEVICE_FAMILY = "1,2";
			};
			name = Debug;
		};
		A0E47F2A2DF731D9009DEDB8 /* Release */ = {
			isa = XCBuildConfiguration;
			buildSettings = {
				ASSETCATALOG_COMPILER_APPICON_NAME = AppIcon;
				ASSETCATALOG_COMPILER_GLOBAL_ACCENT_COLOR_NAME = AccentColor;
				CODE_SIGN_STYLE = Automatic;
				CURRENT_PROJECT_VERSION = 1;
				DEVELOPMENT_ASSET_PATHS = "\"Wallet/Preview Content\"";
				ENABLE_PREVIEWS = YES;
				GENERATE_INFOPLIST_FILE = YES;
				INFOPLIST_KEY_UIApplicationSceneManifest_Generation = YES;
				INFOPLIST_KEY_UIApplicationSupportsIndirectInputEvents = YES;
				INFOPLIST_KEY_UILaunchScreen_Generation = YES;
				INFOPLIST_KEY_UISupportedInterfaceOrientations_iPad = "UIInterfaceOrientationPortrait UIInterfaceOrientationPortraitUpsideDown UIInterfaceOrientationLandscapeLeft UIInterfaceOrientationLandscapeRight";
				INFOPLIST_KEY_UISupportedInterfaceOrientations_iPhone = "UIInterfaceOrientationPortrait UIInterfaceOrientationLandscapeLeft UIInterfaceOrientationLandscapeRight";
				LD_RUNPATH_SEARCH_PATHS = (
					"$(inherited)",
					"@executable_path/Frameworks",
				);
				MARKETING_VERSION = 1.0;
				PRODUCT_BUNDLE_IDENTIFIER = com.ladletl.Wallet;
				PRODUCT_NAME = "$(TARGET_NAME)";
				SWIFT_EMIT_LOC_STRINGS = YES;
				SWIFT_VERSION = 5.0;
				TARGETED_DEVICE_FAMILY = "1,2";
			};
			name = Release;
		};
		A0E47F2C2DF731D9009DEDB8 /* Debug */ = {
			isa = XCBuildConfiguration;
			buildSettings = {
				ALWAYS_EMBED_SWIFT_STANDARD_LIBRARIES = YES;
				BUNDLE_LOADER = "$(TEST_HOST)";
				CODE_SIGN_STYLE = Automatic;
				CURRENT_PROJECT_VERSION = 1;
				GENERATE_INFOPLIST_FILE = YES;
				IPHONEOS_DEPLOYMENT_TARGET = 17.5;
				MARKETING_VERSION = 1.0;
				PRODUCT_BUNDLE_IDENTIFIER = com.ladletl.WalletTests;
				PRODUCT_NAME = "$(TARGET_NAME)";
				SWIFT_EMIT_LOC_STRINGS = NO;
				SWIFT_VERSION = 5.0;
				TARGETED_DEVICE_FAMILY = "1,2";
				TEST_HOST = "$(BUILT_PRODUCTS_DIR)/Wallet.app/$(BUNDLE_EXECUTABLE_FOLDER_PATH)/Wallet";
			};
			name = Debug;
		};
		A0E47F2D2DF731D9009DEDB8 /* Release */ = {
			isa = XCBuildConfiguration;
			buildSettings = {
				ALWAYS_EMBED_SWIFT_STANDARD_LIBRARIES = YES;
				BUNDLE_LOADER = "$(TEST_HOST)";
				CODE_SIGN_STYLE = Automatic;
				CURRENT_PROJECT_VERSION = 1;
				GENERATE_INFOPLIST_FILE = YES;
				IPHONEOS_DEPLOYMENT_TARGET = 17.5;
				MARKETING_VERSION = 1.0;
				PRODUCT_BUNDLE_IDENTIFIER = com.ladletl.WalletTests;
				PRODUCT_NAME = "$(TARGET_NAME)";
				SWIFT_EMIT_LOC_STRINGS = NO;
				SWIFT_VERSION = 5.0;
				TARGETED_DEVICE_FAMILY = "1,2";
				TEST_HOST = "$(BUILT_PRODUCTS_DIR)/Wallet.app/$(BUNDLE_EXECUTABLE_FOLDER_PATH)/Wallet";
			};
			name = Release;
		};
		A0E47F2F2DF731D9009DEDB8 /* Debug */ = {
			isa = XCBuildConfiguration;
			buildSettings = {
				ALWAYS_EMBED_SWIFT_STANDARD_LIBRARIES = YES;
				CODE_SIGN_STYLE = Automatic;
				CURRENT_PROJECT_VERSION = 1;
				GENERATE_INFOPLIST_FILE = YES;
				MARKETING_VERSION = 1.0;
				PRODUCT_BUNDLE_IDENTIFIER = com.ladletl.WalletUITests;
				PRODUCT_NAME = "$(TARGET_NAME)";
				SWIFT_EMIT_LOC_STRINGS = NO;
				SWIFT_VERSION = 5.0;
				TARGETED_DEVICE_FAMILY = "1,2";
				TEST_TARGET_NAME = Wallet;
			};
			name = Debug;
		};
		A0E47F302DF731D9009DEDB8 /* Release */ = {
			isa = XCBuildConfiguration;
			buildSettings = {
				ALWAYS_EMBED_SWIFT_STANDARD_LIBRARIES = YES;
				CODE_SIGN_STYLE = Automatic;
				CURRENT_PROJECT_VERSION = 1;
				GENERATE_INFOPLIST_FILE = YES;
				MARKETING_VERSION = 1.0;
				PRODUCT_BUNDLE_IDENTIFIER = com.ladletl.WalletUITests;
				PRODUCT_NAME = "$(TARGET_NAME)";
				SWIFT_EMIT_LOC_STRINGS = NO;
				SWIFT_VERSION = 5.0;
				TARGETED_DEVICE_FAMILY = "1,2";
				TEST_TARGET_NAME = Wallet;
			};
			name = Release;
		};
/* End XCBuildConfiguration section */

/* Begin XCConfigurationList section */
		A0E47EFD2DF731D6009DEDB8 /* Build configuration list for PBXProject "Wallet" */ = {
			isa = XCConfigurationList;
			buildConfigurations = (
				A0E47F262DF731D9009DEDB8 /* Debug */,
				A0E47F272DF731D9009DEDB8 /* Release */,
			);
			defaultConfigurationIsVisible = 0;
			defaultConfigurationName = Release;
		};
		A0E47F282DF731D9009DEDB8 /* Build configuration list for PBXNativeTarget "Wallet" */ = {
			isa = XCConfigurationList;
			buildConfigurations = (
				A0E47F292DF731D9009DEDB8 /* Debug */,
				A0E47F2A2DF731D9009DEDB8 /* Release */,
			);
			defaultConfigurationIsVisible = 0;
			defaultConfigurationName = Release;
		};
		A0E47F2B2DF731D9009DEDB8 /* Build configuration list for PBXNativeTarget "WalletTests" */ = {
			isa = XCConfigurationList;
			buildConfigurations = (
				A0E47F2C2DF731D9009DEDB8 /* Debug */,
				A0E47F2D2DF731D9009DEDB8 /* Release */,
			);
			defaultConfigurationIsVisible = 0;
			defaultConfigurationName = Release;
		};
		A0E47F2E2DF731D9009DEDB8 /* Build configuration list for PBXNativeTarget "WalletUITests" */ = {
			isa = XCConfigurationList;
			buildConfigurations = (
				A0E47F2F2DF731D9009DEDB8 /* Debug */,
				A0E47F302DF731D9009DEDB8 /* Release */,
			);
			defaultConfigurationIsVisible = 0;
			defaultConfigurationName = Release;
		};
/* End XCConfigurationList section */
	};
	rootObject = A0E47EFA2DF731D6009DEDB8 /* Project object */;
}
