// !$*UTF8*$!
{
	archiveVersion = 1;
	classes = {
	};
	objectVersion = 56;
	objects = {

/* Begin PBXBuildFile section */
		A0223A362E0F79B30097F7F7 /* CurrencyRow.swift in Sources */ = {isa = PBXBuildFile; fileRef = A0223A352E0F79B30097F7F7 /* CurrencyRow.swift */; };
		A0223A382E0F7A440097F7F7 /* BalanceRow.swift in Sources */ = {isa = PBXBuildFile; fileRef = A0223A372E0F7A440097F7F7 /* BalanceRow.swift */; };
		A0223A3A2E0F80DA0097F7F7 /* SpoilerView.swift in Sources */ = {isa = PBXBuildFile; fileRef = A0223A392E0F80D60097F7F7 /* SpoilerView.swift */; };
		A0223A3C2E0F84030097F7F7 /* ShakeGestures.swift in Sources */ = {isa = PBXBuildFile; fileRef = A0223A3B2E0F83F80097F7F7 /* ShakeGestures.swift */; };
		A07305C62E0D9CBF0077C861 /* AccountViewModel.swift in Sources */ = {isa = PBXBuildFile; fileRef = A07305C52E0D9CBF0077C861 /* AccountViewModel.swift */; };
		A07306102E0EAEA80077C861 /* TestAccountView.swift in Sources */ = {isa = PBXBuildFile; fileRef = A073060F2E0EAEA80077C861 /* TestAccountView.swift */; };
		A07BE1722E04578E0005489D /* Extensions+Color.swift in Sources */ = {isa = PBXBuildFile; fileRef = A07BE1712E04578E0005489D /* Extensions+Color.swift */; };
		A07BE1742E047F610005489D /* HistoryView.swift in Sources */ = {isa = PBXBuildFile; fileRef = A07BE1732E047F610005489D /* HistoryView.swift */; };
		A07BE1772E05E4880005489D /* CustomDatePickerView.swift in Sources */ = {isa = PBXBuildFile; fileRef = A07BE1762E05E4880005489D /* CustomDatePickerView.swift */; };
		A07BE1792E0621D20005489D /* TransactionsListSectionView.swift in Sources */ = {isa = PBXBuildFile; fileRef = A07BE1782E0621D20005489D /* TransactionsListSectionView.swift */; };
		A080C5C12E0D774600725E71 /* TransactionsViewModel.swift in Sources */ = {isa = PBXBuildFile; fileRef = A080C5C02E0D774600725E71 /* TransactionsViewModel.swift */; };
		A0DC48BC2E00C22600D05378 /* MainView.swift in Sources */ = {isa = PBXBuildFile; fileRef = A0DC48BB2E00C22600D05378 /* MainView.swift */; };
		A0DC48C62E00D55000D05378 /* BankAccountView.swift in Sources */ = {isa = PBXBuildFile; fileRef = A0DC48C52E00D55000D05378 /* BankAccountView.swift */; };
		A0DC48C82E00D57200D05378 /* CategoriesView.swift in Sources */ = {isa = PBXBuildFile; fileRef = A0DC48C72E00D57200D05378 /* CategoriesView.swift */; };
		A0DC48CA2E00D58600D05378 /* SettingsView.swift in Sources */ = {isa = PBXBuildFile; fileRef = A0DC48C92E00D58600D05378 /* SettingsView.swift */; };
		A0DC48CF2E01A26B00D05378 /* TransactionsListView.swift in Sources */ = {isa = PBXBuildFile; fileRef = A0DC48CE2E01A26B00D05378 /* TransactionsListView.swift */; };
		A0DC48D12E02079300D05378 /* TransactionDetailView.swift in Sources */ = {isa = PBXBuildFile; fileRef = A0DC48D02E02079300D05378 /* TransactionDetailView.swift */; };
		A0E47F062DF731D6009DEDB8 /* WalletApp.swift in Sources */ = {isa = PBXBuildFile; fileRef = A0E47F052DF731D6009DEDB8 /* WalletApp.swift */; };
		A0E47F0A2DF731D6009DEDB8 /* Item.swift in Sources */ = {isa = PBXBuildFile; fileRef = A0E47F092DF731D6009DEDB8 /* Item.swift */; };
		A0E47F0C2DF731D9009DEDB8 /* Assets.xcassets in Resources */ = {isa = PBXBuildFile; fileRef = A0E47F0B2DF731D9009DEDB8 /* Assets.xcassets */; };
		A0E47F0F2DF731D9009DEDB8 /* Preview Assets.xcassets in Resources */ = {isa = PBXBuildFile; fileRef = A0E47F0E2DF731D9009DEDB8 /* Preview Assets.xcassets */; };
		A0E47F192DF731D9009DEDB8 /* WalletTests.swift in Sources */ = {isa = PBXBuildFile; fileRef = A0E47F182DF731D9009DEDB8 /* WalletTests.swift */; };
		A0E47F232DF731D9009DEDB8 /* WalletUITests.swift in Sources */ = {isa = PBXBuildFile; fileRef = A0E47F222DF731D9009DEDB8 /* WalletUITests.swift */; };
		A0E47F252DF731D9009DEDB8 /* WalletUITestsLaunchTests.swift in Sources */ = {isa = PBXBuildFile; fileRef = A0E47F242DF731D9009DEDB8 /* WalletUITestsLaunchTests.swift */; };
		A0E47F332DF732D1009DEDB8 /* Category.swift in Sources */ = {isa = PBXBuildFile; fileRef = A0E47F322DF732D1009DEDB8 /* Category.swift */; };
		A0E47F352DF73473009DEDB8 /* BankAccount.swift in Sources */ = {isa = PBXBuildFile; fileRef = A0E47F342DF73473009DEDB8 /* BankAccount.swift */; };
		A0E47F372DF7352B009DEDB8 /* Transaction.swift in Sources */ = {isa = PBXBuildFile; fileRef = A0E47F362DF7352B009DEDB8 /* Transaction.swift */; };
		A0E47F3A2DF73666009DEDB8 /* Extension+Transaction.swift in Sources */ = {isa = PBXBuildFile; fileRef = A0E47F392DF73666009DEDB8 /* Extension+Transaction.swift */; };
		A0E47F3D2DF740E7009DEDB8 /* TransactionsFileCache.swift in Sources */ = {isa = PBXBuildFile; fileRef = A0E47F3C2DF740E7009DEDB8 /* TransactionsFileCache.swift */; };
		A0EF98CF2DF8831D009B4A76 /* CategoriesService.swift in Sources */ = {isa = PBXBuildFile; fileRef = A0EF98CE2DF8831D009B4A76 /* CategoriesService.swift */; };
		A0EF98D12DF8D8B6009B4A76 /* BankAccountsService.swift in Sources */ = {isa = PBXBuildFile; fileRef = A0EF98D02DF8D8B6009B4A76 /* BankAccountsService.swift */; };
		A0EF98D32DF8DDBE009B4A76 /* TransactionsService.swift in Sources */ = {isa = PBXBuildFile; fileRef = A0EF98D22DF8DDBE009B4A76 /* TransactionsService.swift */; };
		A0EF98D52DF9F6BD009B4A76 /* Extension+TransactionRequest.swift in Sources */ = {isa = PBXBuildFile; fileRef = A0EF98D42DF9F6BD009B4A76 /* Extension+TransactionRequest.swift */; };
		A0EF98D72DF9F765009B4A76 /* TransactionRequest.swift in Sources */ = {isa = PBXBuildFile; fileRef = A0EF98D62DF9F765009B4A76 /* TransactionRequest.swift */; };
		A0EF98D92DFA18A0009B4A76 /* AccountBrief.swift in Sources */ = {isa = PBXBuildFile; fileRef = A0EF98D82DFA18A0009B4A76 /* AccountBrief.swift */; };
		A0EF98DB2DFA1930009B4A76 /* Extension+AccountBrief.swift in Sources */ = {isa = PBXBuildFile; fileRef = A0EF98DA2DFA1930009B4A76 /* Extension+AccountBrief.swift */; };
		A0EF98DF2DFC6938009B4A76 /* TransactionTests.swift in Sources */ = {isa = PBXBuildFile; fileRef = A0EF98DE2DFC6938009B4A76 /* TransactionTests.swift */; };
/* End PBXBuildFile section */

/* Begin PBXContainerItemProxy section */
		A0E47F152DF731D9009DEDB8 /* PBXContainerItemProxy */ = {
			isa = PBXContainerItemProxy;
			containerPortal = A0E47EFA2DF731D6009DEDB8 /* Project object */;
			proxyType = 1;
			remoteGlobalIDString = A0E47F012DF731D6009DEDB8;
			remoteInfo = Wallet;
		};
		A0E47F1F2DF731D9009DEDB8 /* PBXContainerItemProxy */ = {
			isa = PBXContainerItemProxy;
			containerPortal = A0E47EFA2DF731D6009DEDB8 /* Project object */;
			proxyType = 1;
			remoteGlobalIDString = A0E47F012DF731D6009DEDB8;
			remoteInfo = Wallet;
		};
/* End PBXContainerItemProxy section */

/* Begin PBXFileReference section */
		A0223A352E0F79B30097F7F7 /* CurrencyRow.swift */ = {isa = PBXFileReference; lastKnownFileType = sourcecode.swift; path = CurrencyRow.swift; sourceTree = "<group>"; };
		A0223A372E0F7A440097F7F7 /* BalanceRow.swift */ = {isa = PBXFileReference; lastKnownFileType = sourcecode.swift; path = BalanceRow.swift; sourceTree = "<group>"; };
		A0223A392E0F80D60097F7F7 /* SpoilerView.swift */ = {isa = PBXFileReference; lastKnownFileType = sourcecode.swift; path = SpoilerView.swift; sourceTree = "<group>"; };
		A0223A3B2E0F83F80097F7F7 /* ShakeGestures.swift */ = {isa = PBXFileReference; lastKnownFileType = sourcecode.swift; path = ShakeGestures.swift; sourceTree = "<group>"; };
		A07305C52E0D9CBF0077C861 /* AccountViewModel.swift */ = {isa = PBXFileReference; lastKnownFileType = sourcecode.swift; path = AccountViewModel.swift; sourceTree = "<group>"; };
		A073060F2E0EAEA80077C861 /* TestAccountView.swift */ = {isa = PBXFileReference; lastKnownFileType = sourcecode.swift; path = TestAccountView.swift; sourceTree = "<group>"; };
		A07BE1712E04578E0005489D /* Extensions+Color.swift */ = {isa = PBXFileReference; lastKnownFileType = sourcecode.swift; path = "Extensions+Color.swift"; sourceTree = "<group>"; };
		A07BE1732E047F610005489D /* HistoryView.swift */ = {isa = PBXFileReference; lastKnownFileType = sourcecode.swift; path = HistoryView.swift; sourceTree = "<group>"; };
		A07BE1762E05E4880005489D /* CustomDatePickerView.swift */ = {isa = PBXFileReference; lastKnownFileType = sourcecode.swift; path = CustomDatePickerView.swift; sourceTree = "<group>"; };
		A07BE1782E0621D20005489D /* TransactionsListSectionView.swift */ = {isa = PBXFileReference; lastKnownFileType = sourcecode.swift; path = TransactionsListSectionView.swift; sourceTree = "<group>"; };
		A080C5C02E0D774600725E71 /* TransactionsViewModel.swift */ = {isa = PBXFileReference; lastKnownFileType = sourcecode.swift; path = TransactionsViewModel.swift; sourceTree = "<group>"; };
		A0DC48BB2E00C22600D05378 /* MainView.swift */ = {isa = PBXFileReference; lastKnownFileType = sourcecode.swift; path = MainView.swift; sourceTree = "<group>"; };
		A0DC48C52E00D55000D05378 /* BankAccountView.swift */ = {isa = PBXFileReference; lastKnownFileType = sourcecode.swift; path = BankAccountView.swift; sourceTree = "<group>"; };
		A0DC48C72E00D57200D05378 /* CategoriesView.swift */ = {isa = PBXFileReference; lastKnownFileType = sourcecode.swift; path = CategoriesView.swift; sourceTree = "<group>"; };
		A0DC48C92E00D58600D05378 /* SettingsView.swift */ = {isa = PBXFileReference; lastKnownFileType = sourcecode.swift; path = SettingsView.swift; sourceTree = "<group>"; };
		A0DC48CE2E01A26B00D05378 /* TransactionsListView.swift */ = {isa = PBXFileReference; lastKnownFileType = sourcecode.swift; path = TransactionsListView.swift; sourceTree = "<group>"; };
		A0DC48D02E02079300D05378 /* TransactionDetailView.swift */ = {isa = PBXFileReference; lastKnownFileType = sourcecode.swift; path = TransactionDetailView.swift; sourceTree = "<group>"; };
		A0E47F022DF731D6009DEDB8 /* Wallet.app */ = {isa = PBXFileReference; explicitFileType = wrapper.application; includeInIndex = 0; path = Wallet.app; sourceTree = BUILT_PRODUCTS_DIR; };
		A0E47F052DF731D6009DEDB8 /* WalletApp.swift */ = {isa = PBXFileReference; lastKnownFileType = sourcecode.swift; path = WalletApp.swift; sourceTree = "<group>"; };
		A0E47F092DF731D6009DEDB8 /* Item.swift */ = {isa = PBXFileReference; lastKnownFileType = sourcecode.swift; path = Item.swift; sourceTree = "<group>"; };
		A0E47F0B2DF731D9009DEDB8 /* Assets.xcassets */ = {isa = PBXFileReference; lastKnownFileType = folder.assetcatalog; path = Assets.xcassets; sourceTree = "<group>"; };
		A0E47F0E2DF731D9009DEDB8 /* Preview Assets.xcassets */ = {isa = PBXFileReference; lastKnownFileType = folder.assetcatalog; path = "Preview Assets.xcassets"; sourceTree = "<group>"; };
		A0E47F142DF731D9009DEDB8 /* WalletTests.xctest */ = {isa = PBXFileReference; explicitFileType = wrapper.cfbundle; includeInIndex = 0; path = WalletTests.xctest; sourceTree = BUILT_PRODUCTS_DIR; };
		A0E47F182DF731D9009DEDB8 /* WalletTests.swift */ = {isa = PBXFileReference; lastKnownFileType = sourcecode.swift; path = WalletTests.swift; sourceTree = "<group>"; };
		A0E47F1E2DF731D9009DEDB8 /* WalletUITests.xctest */ = {isa = PBXFileReference; explicitFileType = wrapper.cfbundle; includeInIndex = 0; path = WalletUITests.xctest; sourceTree = BUILT_PRODUCTS_DIR; };
		A0E47F222DF731D9009DEDB8 /* WalletUITests.swift */ = {isa = PBXFileReference; lastKnownFileType = sourcecode.swift; path = WalletUITests.swift; sourceTree = "<group>"; };
		A0E47F242DF731D9009DEDB8 /* WalletUITestsLaunchTests.swift */ = {isa = PBXFileReference; lastKnownFileType = sourcecode.swift; path = WalletUITestsLaunchTests.swift; sourceTree = "<group>"; };
		A0E47F322DF732D1009DEDB8 /* Category.swift */ = {isa = PBXFileReference; lastKnownFileType = sourcecode.swift; path = Category.swift; sourceTree = "<group>"; };
		A0E47F342DF73473009DEDB8 /* BankAccount.swift */ = {isa = PBXFileReference; lastKnownFileType = sourcecode.swift; path = BankAccount.swift; sourceTree = "<group>"; };
		A0E47F362DF7352B009DEDB8 /* Transaction.swift */ = {isa = PBXFileReference; lastKnownFileType = sourcecode.swift; path = Transaction.swift; sourceTree = "<group>"; };
		A0E47F392DF73666009DEDB8 /* Extension+Transaction.swift */ = {isa = PBXFileReference; lastKnownFileType = sourcecode.swift; path = "Extension+Transaction.swift"; sourceTree = "<group>"; };
		A0E47F3C2DF740E7009DEDB8 /* TransactionsFileCache.swift */ = {isa = PBXFileReference; lastKnownFileType = sourcecode.swift; path = TransactionsFileCache.swift; sourceTree = "<group>"; };
		A0EF98CE2DF8831D009B4A76 /* CategoriesService.swift */ = {isa = PBXFileReference; lastKnownFileType = sourcecode.swift; path = CategoriesService.swift; sourceTree = "<group>"; };
		A0EF98D02DF8D8B6009B4A76 /* BankAccountsService.swift */ = {isa = PBXFileReference; lastKnownFileType = sourcecode.swift; path = BankAccountsService.swift; sourceTree = "<group>"; };
		A0EF98D22DF8DDBE009B4A76 /* TransactionsService.swift */ = {isa = PBXFileReference; lastKnownFileType = sourcecode.swift; path = TransactionsService.swift; sourceTree = "<group>"; };
		A0EF98D42DF9F6BD009B4A76 /* Extension+TransactionRequest.swift */ = {isa = PBXFileReference; lastKnownFileType = sourcecode.swift; path = "Extension+TransactionRequest.swift"; sourceTree = "<group>"; };
		A0EF98D62DF9F765009B4A76 /* TransactionRequest.swift */ = {isa = PBXFileReference; lastKnownFileType = sourcecode.swift; path = TransactionRequest.swift; sourceTree = "<group>"; };
		A0EF98D82DFA18A0009B4A76 /* AccountBrief.swift */ = {isa = PBXFileReference; lastKnownFileType = sourcecode.swift; path = AccountBrief.swift; sourceTree = "<group>"; };
		A0EF98DA2DFA1930009B4A76 /* Extension+AccountBrief.swift */ = {isa = PBXFileReference; lastKnownFileType = sourcecode.swift; path = "Extension+AccountBrief.swift"; sourceTree = "<group>"; };
		A0EF98DE2DFC6938009B4A76 /* TransactionTests.swift */ = {isa = PBXFileReference; lastKnownFileType = sourcecode.swift; path = TransactionTests.swift; sourceTree = "<group>"; };
/* End PBXFileReference section */

/* Begin PBXFrameworksBuildPhase section */
		A0E47EFF2DF731D6009DEDB8 /* Frameworks */ = {
			isa = PBXFrameworksBuildPhase;
			buildActionMask = 2147483647;
			files = (
			);
			runOnlyForDeploymentPostprocessing = 0;
		};
		A0E47F112DF731D9009DEDB8 /* Frameworks */ = {
			isa = PBXFrameworksBuildPhase;
			buildActionMask = 2147483647;
			files = (
			);
			runOnlyForDeploymentPostprocessing = 0;
		};
		A0E47F1B2DF731D9009DEDB8 /* Frameworks */ = {
			isa = PBXFrameworksBuildPhase;
			buildActionMask = 2147483647;
			files = (
			);
			runOnlyForDeploymentPostprocessing = 0;
		};
/* End PBXFrameworksBuildPhase section */

/* Begin PBXGroup section */
		A07BE1752E05E45F0005489D /* Components */ = {
			isa = PBXGroup;
			children = (
				A0223A3B2E0F83F80097F7F7 /* ShakeGestures.swift */,
				A0223A392E0F80D60097F7F7 /* SpoilerView.swift */,
				A07BE1782E0621D20005489D /* TransactionsListSectionView.swift */,
				A07BE1762E05E4880005489D /* CustomDatePickerView.swift */,
				A0223A372E0F7A440097F7F7 /* BalanceRow.swift */,
				A0223A352E0F79B30097F7F7 /* CurrencyRow.swift */,
			);
			path = Components;
			sourceTree = "<group>";
		};
		A080C5BF2E0D773800725E71 /* ViewModels */ = {
			isa = PBXGroup;
			children = (
				A080C5C02E0D774600725E71 /* TransactionsViewModel.swift */,
				A07305C52E0D9CBF0077C861 /* AccountViewModel.swift */,
			);
			path = ViewModels;
			sourceTree = "<group>";
		};
		A0DC48B82E00C1F300D05378 /* Views */ = {
			isa = PBXGroup;
			children = (
				A07BE1752E05E45F0005489D /* Components */,
				A0DC48BB2E00C22600D05378 /* MainView.swift */,
				A0DC48CE2E01A26B00D05378 /* TransactionsListView.swift */,
				A0DC48D02E02079300D05378 /* TransactionDetailView.swift */,
				A07BE1732E047F610005489D /* HistoryView.swift */,
				A0DC48CD2E01A24500D05378 /* TabItems */,
			);
			path = Views;
			sourceTree = "<group>";
		};
		A0DC48CD2E01A24500D05378 /* TabItems */ = {
			isa = PBXGroup;
			children = (
				A0DC48C52E00D55000D05378 /* BankAccountView.swift */,
				A0DC48C72E00D57200D05378 /* CategoriesView.swift */,
				A0DC48C92E00D58600D05378 /* SettingsView.swift */,
				A073060F2E0EAEA80077C861 /* TestAccountView.swift */,
			);
			path = TabItems;
			sourceTree = "<group>";
		};
		A0E47EF92DF731D6009DEDB8 = {
			isa = PBXGroup;
			children = (
				A0E47F042DF731D6009DEDB8 /* Wallet */,
				A0E47F172DF731D9009DEDB8 /* WalletTests */,
				A0E47F212DF731D9009DEDB8 /* WalletUITests */,
				A0E47F032DF731D6009DEDB8 /* Products */,
			);
			sourceTree = "<group>";
		};
		A0E47F032DF731D6009DEDB8 /* Products */ = {
			isa = PBXGroup;
			children = (
				A0E47F022DF731D6009DEDB8 /* Wallet.app */,
				A0E47F142DF731D9009DEDB8 /* WalletTests.xctest */,
				A0E47F1E2DF731D9009DEDB8 /* WalletUITests.xctest */,
			);
			name = Products;
			sourceTree = "<group>";
		};
		A0E47F042DF731D6009DEDB8 /* Wallet */ = {
			isa = PBXGroup;
			children = (
				A080C5BF2E0D773800725E71 /* ViewModels */,
				A0DC48B82E00C1F300D05378 /* Views */,
				A0E47F3B2DF740D6009DEDB8 /* Services */,
				A0E47F382DF73657009DEDB8 /* Extentions */,
				A0E47F312DF7323B009DEDB8 /* Models */,
				A0E47F052DF731D6009DEDB8 /* WalletApp.swift */,
				A0E47F092DF731D6009DEDB8 /* Item.swift */,
				A0E47F0B2DF731D9009DEDB8 /* Assets.xcassets */,
				A0E47F0D2DF731D9009DEDB8 /* Preview Content */,
			);
			path = Wallet;
			sourceTree = "<group>";
		};
		A0E47F0D2DF731D9009DEDB8 /* Preview Content */ = {
			isa = PBXGroup;
			children = (
				A0E47F0E2DF731D9009DEDB8 /* Preview Assets.xcassets */,
			);
			path = "Preview Content";
			sourceTree = "<group>";
		};
		A0E47F172DF731D9009DEDB8 /* WalletTests */ = {
			isa = PBXGroup;
			children = (
				A0E47F182DF731D9009DEDB8 /* WalletTests.swift */,
				A0EF98DE2DFC6938009B4A76 /* TransactionTests.swift */,
			);
			path = WalletTests;
			sourceTree = "<group>";
		};
		A0E47F212DF731D9009DEDB8 /* WalletUITests */ = {
			isa = PBXGroup;
			children = (
				A0E47F222DF731D9009DEDB8 /* WalletUITests.swift */,
				A0E47F242DF731D9009DEDB8 /* WalletUITestsLaunchTests.swift */,
			);
			path = WalletUITests;
			sourceTree = "<group>";
		};
		A0E47F312DF7323B009DEDB8 /* Models */ = {
			isa = PBXGroup;
			children = (
				A0E47F322DF732D1009DEDB8 /* Category.swift */,
				A0E47F342DF73473009DEDB8 /* BankAccount.swift */,
				A0E47F362DF7352B009DEDB8 /* Transaction.swift */,
				A0EF98D62DF9F765009B4A76 /* TransactionRequest.swift */,
				A0EF98D82DFA18A0009B4A76 /* AccountBrief.swift */,
			);
			path = Models;
			sourceTree = "<group>";
		};
		A0E47F382DF73657009DEDB8 /* Extentions */ = {
			isa = PBXGroup;
			children = (
				A0E47F392DF73666009DEDB8 /* Extension+Transaction.swift */,
				A0EF98D42DF9F6BD009B4A76 /* Extension+TransactionRequest.swift */,
				A0EF98DA2DFA1930009B4A76 /* Extension+AccountBrief.swift */,
				A07BE1712E04578E0005489D /* Extensions+Color.swift */,
			);
			path = Extentions;
			sourceTree = "<group>";
		};
		A0E47F3B2DF740D6009DEDB8 /* Services */ = {
			isa = PBXGroup;
			children = (
				A0E47F3C2DF740E7009DEDB8 /* TransactionsFileCache.swift */,
				A0EF98CE2DF8831D009B4A76 /* CategoriesService.swift */,
				A0EF98D02DF8D8B6009B4A76 /* BankAccountsService.swift */,
				A0EF98D22DF8DDBE009B4A76 /* TransactionsService.swift */,
			);
			path = Services;
			sourceTree = "<group>";
		};
/* End PBXGroup section */

/* Begin PBXNativeTarget section */
		A0E47F012DF731D6009DEDB8 /* Wallet */ = {
			isa = PBXNativeTarget;
			buildConfigurationList = A0E47F282DF731D9009DEDB8 /* Build configuration list for PBXNativeTarget "Wallet" */;
			buildPhases = (
				A0E47EFE2DF731D6009DEDB8 /* Sources */,
				A0E47EFF2DF731D6009DEDB8 /* Frameworks */,
				A0E47F002DF731D6009DEDB8 /* Resources */,
			);
			buildRules = (
			);
			dependencies = (
			);
			name = Wallet;
			productName = Wallet;
			productReference = A0E47F022DF731D6009DEDB8 /* Wallet.app */;
			productType = "com.apple.product-type.application";
		};
		A0E47F132DF731D9009DEDB8 /* WalletTests */ = {
			isa = PBXNativeTarget;
			buildConfigurationList = A0E47F2B2DF731D9009DEDB8 /* Build configuration list for PBXNativeTarget "WalletTests" */;
			buildPhases = (
				A0E47F102DF731D9009DEDB8 /* Sources */,
				A0E47F112DF731D9009DEDB8 /* Frameworks */,
				A0E47F122DF731D9009DEDB8 /* Resources */,
			);
			buildRules = (
			);
			dependencies = (
				A0E47F162DF731D9009DEDB8 /* PBXTargetDependency */,
			);
			name = WalletTests;
			productName = WalletTests;
			productReference = A0E47F142DF731D9009DEDB8 /* WalletTests.xctest */;
			productType = "com.apple.product-type.bundle.unit-test";
		};
		A0E47F1D2DF731D9009DEDB8 /* WalletUITests */ = {
			isa = PBXNativeTarget;
			buildConfigurationList = A0E47F2E2DF731D9009DEDB8 /* Build configuration list for PBXNativeTarget "WalletUITests" */;
			buildPhases = (
				A0E47F1A2DF731D9009DEDB8 /* Sources */,
				A0E47F1B2DF731D9009DEDB8 /* Frameworks */,
				A0E47F1C2DF731D9009DEDB8 /* Resources */,
			);
			buildRules = (
			);
			dependencies = (
				A0E47F202DF731D9009DEDB8 /* PBXTargetDependency */,
			);
			name = WalletUITests;
			productName = WalletUITests;
			productReference = A0E47F1E2DF731D9009DEDB8 /* WalletUITests.xctest */;
			productType = "com.apple.product-type.bundle.ui-testing";
		};
/* End PBXNativeTarget section */

/* Begin PBXProject section */
		A0E47EFA2DF731D6009DEDB8 /* Project object */ = {
			isa = PBXProject;
			attributes = {
				BuildIndependentTargetsInParallel = 1;
				LastSwiftUpdateCheck = 1540;
				LastUpgradeCheck = 1540;
				TargetAttributes = {
					A0E47F012DF731D6009DEDB8 = {
						CreatedOnToolsVersion = 15.4;
					};
					A0E47F132DF731D9009DEDB8 = {
						CreatedOnToolsVersion = 15.4;
						TestTargetID = A0E47F012DF731D6009DEDB8;
					};
					A0E47F1D2DF731D9009DEDB8 = {
						CreatedOnToolsVersion = 15.4;
						TestTargetID = A0E47F012DF731D6009DEDB8;
					};
				};
			};
			buildConfigurationList = A0E47EFD2DF731D6009DEDB8 /* Build configuration list for PBXProject "Wallet" */;
			compatibilityVersion = "Xcode 14.0";
			developmentRegion = en;
			hasScannedForEncodings = 0;
			knownRegions = (
				en,
				Base,
			);
			mainGroup = A0E47EF92DF731D6009DEDB8;
			productRefGroup = A0E47F032DF731D6009DEDB8 /* Products */;
			projectDirPath = "";
			projectRoot = "";
			targets = (
				A0E47F012DF731D6009DEDB8 /* Wallet */,
				A0E47F132DF731D9009DEDB8 /* WalletTests */,
				A0E47F1D2DF731D9009DEDB8 /* WalletUITests */,
			);
		};
/* End PBXProject section */

/* Begin PBXResourcesBuildPhase section */
		A0E47F002DF731D6009DEDB8 /* Resources */ = {
			isa = PBXResourcesBuildPhase;
			buildActionMask = 2147483647;
			files = (
				A0E47F0F2DF731D9009DEDB8 /* Preview Assets.xcassets in Resources */,
				A0E47F0C2DF731D9009DEDB8 /* Assets.xcassets in Resources */,
			);
			runOnlyForDeploymentPostprocessing = 0;
		};
		A0E47F122DF731D9009DEDB8 /* Resources */ = {
			isa = PBXResourcesBuildPhase;
			buildActionMask = 2147483647;
			files = (
			);
			runOnlyForDeploymentPostprocessing = 0;
		};
		A0E47F1C2DF731D9009DEDB8 /* Resources */ = {
			isa = PBXResourcesBuildPhase;
			buildActionMask = 2147483647;
			files = (
			);
			runOnlyForDeploymentPostprocessing = 0;
		};
/* End PBXResourcesBuildPhase section */

/* Begin PBXSourcesBuildPhase section */
		A0E47EFE2DF731D6009DEDB8 /* Sources */ = {
			isa = PBXSourcesBuildPhase;
			buildActionMask = 2147483647;
			files = (
				A07BE1722E04578E0005489D /* Extensions+Color.swift in Sources */,
				A0DC48C62E00D55000D05378 /* BankAccountView.swift in Sources */,
				A0DC48CF2E01A26B00D05378 /* TransactionsListView.swift in Sources */,
				A0E47F0A2DF731D6009DEDB8 /* Item.swift in Sources */,
				A0E47F3A2DF73666009DEDB8 /* Extension+Transaction.swift in Sources */,
				A07BE1792E0621D20005489D /* TransactionsListSectionView.swift in Sources */,
				A080C5C12E0D774600725E71 /* TransactionsViewModel.swift in Sources */,
				A0223A3C2E0F84030097F7F7 /* ShakeGestures.swift in Sources */,
				A0223A362E0F79B30097F7F7 /* CurrencyRow.swift in Sources */,
				A07BE1742E047F610005489D /* HistoryView.swift in Sources */,
				A0EF98D72DF9F765009B4A76 /* TransactionRequest.swift in Sources */,
				A0EF98D12DF8D8B6009B4A76 /* BankAccountsService.swift in Sources */,
				A0DC48CA2E00D58600D05378 /* SettingsView.swift in Sources */,
				A07306102E0EAEA80077C861 /* TestAccountView.swift in Sources */,
				A0223A3A2E0F80DA0097F7F7 /* SpoilerView.swift in Sources */,
				A0E47F3D2DF740E7009DEDB8 /* TransactionsFileCache.swift in Sources */,
				A0EF98D92DFA18A0009B4A76 /* AccountBrief.swift in Sources */,
				A0DC48C82E00D57200D05378 /* CategoriesView.swift in Sources */,
				A0DC48D12E02079300D05378 /* TransactionDetailView.swift in Sources */,
				A0E47F372DF7352B009DEDB8 /* Transaction.swift in Sources */,
				A0E47F352DF73473009DEDB8 /* BankAccount.swift in Sources */,
				A0E47F062DF731D6009DEDB8 /* WalletApp.swift in Sources */,
				A0DC48BC2E00C22600D05378 /* MainView.swift in Sources */,
				A0EF98D52DF9F6BD009B4A76 /* Extension+TransactionRequest.swift in Sources */,
				A0EF98DB2DFA1930009B4A76 /* Extension+AccountBrief.swift in Sources */,
				A0E47F332DF732D1009DEDB8 /* Category.swift in Sources */,
				A07BE1772E05E4880005489D /* CustomDatePickerView.swift in Sources */,
				A0EF98D32DF8DDBE009B4A76 /* TransactionsService.swift in Sources */,
				A07305C62E0D9CBF0077C861 /* AccountViewModel.swift in Sources */,
				A0EF98CF2DF8831D009B4A76 /* CategoriesService.swift in Sources */,
				A0223A382E0F7A440097F7F7 /* BalanceRow.swift in Sources */,
			);
			runOnlyForDeploymentPostprocessing = 0;
		};
		A0E47F102DF731D9009DEDB8 /* Sources */ = {
			isa = PBXSourcesBuildPhase;
			buildActionMask = 2147483647;
			files = (
				A0E47F192DF731D9009DEDB8 /* WalletTests.swift in Sources */,
				A0EF98DF2DFC6938009B4A76 /* TransactionTests.swift in Sources */,
			);
			runOnlyForDeploymentPostprocessing = 0;
		};
		A0E47F1A2DF731D9009DEDB8 /* Sources */ = {
			isa = PBXSourcesBuildPhase;
			buildActionMask = 2147483647;
			files = (
				A0E47F232DF731D9009DEDB8 /* WalletUITests.swift in Sources */,
				A0E47F252DF731D9009DEDB8 /* WalletUITestsLaunchTests.swift in Sources */,
			);
			runOnlyForDeploymentPostprocessing = 0;
		};
/* End PBXSourcesBuildPhase section */

/* Begin PBXTargetDependency section */
		A0E47F162DF731D9009DEDB8 /* PBXTargetDependency */ = {
			isa = PBXTargetDependency;
			target = A0E47F012DF731D6009DEDB8 /* Wallet */;
			targetProxy = A0E47F152DF731D9009DEDB8 /* PBXContainerItemProxy */;
		};
		A0E47F202DF731D9009DEDB8 /* PBXTargetDependency */ = {
			isa = PBXTargetDependency;
			target = A0E47F012DF731D6009DEDB8 /* Wallet */;
			targetProxy = A0E47F1F2DF731D9009DEDB8 /* PBXContainerItemProxy */;
		};
/* End PBXTargetDependency section */

/* Begin XCBuildConfiguration section */
		A0E47F262DF731D9009DEDB8 /* Debug */ = {
			isa = XCBuildConfiguration;
			buildSettings = {
				ALWAYS_SEARCH_USER_PATHS = NO;
				ASSETCATALOG_COMPILER_GENERATE_SWIFT_ASSET_SYMBOL_EXTENSIONS = YES;
				CLANG_ANALYZER_NONNULL = YES;
				CLANG_ANALYZER_NUMBER_OBJECT_CONVERSION = YES_AGGRESSIVE;
				CLANG_CXX_LANGUAGE_STANDARD = "gnu++20";
				CLANG_ENABLE_MODULES = YES;
				CLANG_ENABLE_OBJC_ARC = YES;
				CLANG_ENABLE_OBJC_WEAK = YES;
				CLANG_WARN_BLOCK_CAPTURE_AUTORELEASING = YES;
				CLANG_WARN_BOOL_CONVERSION = YES;
				CLANG_WARN_COMMA = YES;
				CLANG_WARN_CONSTANT_CONVERSION = YES;
				CLANG_WARN_DEPRECATED_OBJC_IMPLEMENTATIONS = YES;
				CLANG_WARN_DIRECT_OBJC_ISA_USAGE = YES_ERROR;
				CLANG_WARN_DOCUMENTATION_COMMENTS = YES;
				CLANG_WARN_EMPTY_BODY = YES;
				CLANG_WARN_ENUM_CONVERSION = YES;
				CLANG_WARN_INFINITE_RECURSION = YES;
				CLANG_WARN_INT_CONVERSION = YES;
				CLANG_WARN_NON_LITERAL_NULL_CONVERSION = YES;
				CLANG_WARN_OBJC_IMPLICIT_RETAIN_SELF = YES;
				CLANG_WARN_OBJC_LITERAL_CONVERSION = YES;
				CLANG_WARN_OBJC_ROOT_CLASS = YES_ERROR;
				CLANG_WARN_QUOTED_INCLUDE_IN_FRAMEWORK_HEADER = YES;
				CLANG_WARN_RANGE_LOOP_ANALYSIS = YES;
				CLANG_WARN_STRICT_PROTOTYPES = YES;
				CLANG_WARN_SUSPICIOUS_MOVE = YES;
				CLANG_WARN_UNGUARDED_AVAILABILITY = YES_AGGRESSIVE;
				CLANG_WARN_UNREACHABLE_CODE = YES;
				CLANG_WARN__DUPLICATE_METHOD_MATCH = YES;
				COPY_PHASE_STRIP = NO;
				DEBUG_INFORMATION_FORMAT = dwarf;
				ENABLE_STRICT_OBJC_MSGSEND = YES;
				ENABLE_TESTABILITY = YES;
				ENABLE_USER_SCRIPT_SANDBOXING = YES;
				GCC_C_LANGUAGE_STANDARD = gnu17;
				GCC_DYNAMIC_NO_PIC = NO;
				GCC_NO_COMMON_BLOCKS = YES;
				GCC_OPTIMIZATION_LEVEL = 0;
				GCC_PREPROCESSOR_DEFINITIONS = (
					"DEBUG=1",
					"$(inherited)",
				);
				GCC_WARN_64_TO_32_BIT_CONVERSION = YES;
				GCC_WARN_ABOUT_RETURN_TYPE = YES_ERROR;
				GCC_WARN_UNDECLARED_SELECTOR = YES;
				GCC_WARN_UNINITIALIZED_AUTOS = YES_AGGRESSIVE;
				GCC_WARN_UNUSED_FUNCTION = YES;
				GCC_WARN_UNUSED_VARIABLE = YES;
				IPHONEOS_DEPLOYMENT_TARGET = 17.5;
				LOCALIZATION_PREFERS_STRING_CATALOGS = YES;
				MTL_ENABLE_DEBUG_INFO = INCLUDE_SOURCE;
				MTL_FAST_MATH = YES;
				ONLY_ACTIVE_ARCH = YES;
				SDKROOT = iphoneos;
				SWIFT_ACTIVE_COMPILATION_CONDITIONS = "DEBUG $(inherited)";
				SWIFT_OPTIMIZATION_LEVEL = "-Onone";
			};
			name = Debug;
		};
		A0E47F272DF731D9009DEDB8 /* Release */ = {
			isa = XCBuildConfiguration;
			buildSettings = {
				ALWAYS_SEARCH_USER_PATHS = NO;
				ASSETCATALOG_COMPILER_GENERATE_SWIFT_ASSET_SYMBOL_EXTENSIONS = YES;
				CLANG_ANALYZER_NONNULL = YES;
				CLANG_ANALYZER_NUMBER_OBJECT_CONVERSION = YES_AGGRESSIVE;
				CLANG_CXX_LANGUAGE_STANDARD = "gnu++20";
				CLANG_ENABLE_MODULES = YES;
				CLANG_ENABLE_OBJC_ARC = YES;
				CLANG_ENABLE_OBJC_WEAK = YES;
				CLANG_WARN_BLOCK_CAPTURE_AUTORELEASING = YES;
				CLANG_WARN_BOOL_CONVERSION = YES;
				CLANG_WARN_COMMA = YES;
				CLANG_WARN_CONSTANT_CONVERSION = YES;
				CLANG_WARN_DEPRECATED_OBJC_IMPLEMENTATIONS = YES;
				CLANG_WARN_DIRECT_OBJC_ISA_USAGE = YES_ERROR;
				CLANG_WARN_DOCUMENTATION_COMMENTS = YES;
				CLANG_WARN_EMPTY_BODY = YES;
				CLANG_WARN_ENUM_CONVERSION = YES;
				CLANG_WARN_INFINITE_RECURSION = YES;
				CLANG_WARN_INT_CONVERSION = YES;
				CLANG_WARN_NON_LITERAL_NULL_CONVERSION = YES;
				CLANG_WARN_OBJC_IMPLICIT_RETAIN_SELF = YES;
				CLANG_WARN_OBJC_LITERAL_CONVERSION = YES;
				CLANG_WARN_OBJC_ROOT_CLASS = YES_ERROR;
				CLANG_WARN_QUOTED_INCLUDE_IN_FRAMEWORK_HEADER = YES;
				CLANG_WARN_RANGE_LOOP_ANALYSIS = YES;
				CLANG_WARN_STRICT_PROTOTYPES = YES;
				CLANG_WARN_SUSPICIOUS_MOVE = YES;
				CLANG_WARN_UNGUARDED_AVAILABILITY = YES_AGGRESSIVE;
				CLANG_WARN_UNREACHABLE_CODE = YES;
				CLANG_WARN__DUPLICATE_METHOD_MATCH = YES;
				COPY_PHASE_STRIP = NO;
				DEBUG_INFORMATION_FORMAT = "dwarf-with-dsym";
				ENABLE_NS_ASSERTIONS = NO;
				ENABLE_STRICT_OBJC_MSGSEND = YES;
				ENABLE_USER_SCRIPT_SANDBOXING = YES;
				GCC_C_LANGUAGE_STANDARD = gnu17;
				GCC_NO_COMMON_BLOCKS = YES;
				GCC_WARN_64_TO_32_BIT_CONVERSION = YES;
				GCC_WARN_ABOUT_RETURN_TYPE = YES_ERROR;
				GCC_WARN_UNDECLARED_SELECTOR = YES;
				GCC_WARN_UNINITIALIZED_AUTOS = YES_AGGRESSIVE;
				GCC_WARN_UNUSED_FUNCTION = YES;
				GCC_WARN_UNUSED_VARIABLE = YES;
				IPHONEOS_DEPLOYMENT_TARGET = 17.5;
				LOCALIZATION_PREFERS_STRING_CATALOGS = YES;
				MTL_ENABLE_DEBUG_INFO = NO;
				MTL_FAST_MATH = YES;
				SDKROOT = iphoneos;
				SWIFT_COMPILATION_MODE = wholemodule;
				VALIDATE_PRODUCT = YES;
			};
			name = Release;
		};
		A0E47F292DF731D9009DEDB8 /* Debug */ = {
			isa = XCBuildConfiguration;
			buildSettings = {
				ASSETCATALOG_COMPILER_APPICON_NAME = AppIcon;
				ASSETCATALOG_COMPILER_GLOBAL_ACCENT_COLOR_NAME = AccentColor;
				CODE_SIGN_STYLE = Automatic;
				CURRENT_PROJECT_VERSION = 1;
				DEVELOPMENT_ASSET_PATHS = "\"Wallet/Preview Content\"";
				ENABLE_PREVIEWS = YES;
				GENERATE_INFOPLIST_FILE = YES;
				INFOPLIST_KEY_UIApplicationSceneManifest_Generation = YES;
				INFOPLIST_KEY_UIApplicationSupportsIndirectInputEvents = YES;
				INFOPLIST_KEY_UILaunchScreen_Generation = YES;
				INFOPLIST_KEY_UISupportedInterfaceOrientations_iPad = "UIInterfaceOrientationPortrait UIInterfaceOrientationPortraitUpsideDown UIInterfaceOrientationLandscapeLeft UIInterfaceOrientationLandscapeRight";
				INFOPLIST_KEY_UISupportedInterfaceOrientations_iPhone = "UIInterfaceOrientationPortrait UIInterfaceOrientationLandscapeLeft UIInterfaceOrientationLandscapeRight";
				LD_RUNPATH_SEARCH_PATHS = (
					"$(inherited)",
					"@executable_path/Frameworks",
				);
				MARKETING_VERSION = 1.0;
				PRODUCT_BUNDLE_IDENTIFIER = com.ladletl.Wallet;
				PRODUCT_NAME = "$(TARGET_NAME)";
				SWIFT_EMIT_LOC_STRINGS = YES;
				SWIFT_VERSION = 5.0;
				TARGETED_DEVICE_FAMILY = "1,2";
			};
			name = Debug;
		};
		A0E47F2A2DF731D9009DEDB8 /* Release */ = {
			isa = XCBuildConfiguration;
			buildSettings = {
				ASSETCATALOG_COMPILER_APPICON_NAME = AppIcon;
				ASSETCATALOG_COMPILER_GLOBAL_ACCENT_COLOR_NAME = AccentColor;
				CODE_SIGN_STYLE = Automatic;
				CURRENT_PROJECT_VERSION = 1;
				DEVELOPMENT_ASSET_PATHS = "\"Wallet/Preview Content\"";
				ENABLE_PREVIEWS = YES;
				GENERATE_INFOPLIST_FILE = YES;
				INFOPLIST_KEY_UIApplicationSceneManifest_Generation = YES;
				INFOPLIST_KEY_UIApplicationSupportsIndirectInputEvents = YES;
				INFOPLIST_KEY_UILaunchScreen_Generation = YES;
				INFOPLIST_KEY_UISupportedInterfaceOrientations_iPad = "UIInterfaceOrientationPortrait UIInterfaceOrientationPortraitUpsideDown UIInterfaceOrientationLandscapeLeft UIInterfaceOrientationLandscapeRight";
				INFOPLIST_KEY_UISupportedInterfaceOrientations_iPhone = "UIInterfaceOrientationPortrait UIInterfaceOrientationLandscapeLeft UIInterfaceOrientationLandscapeRight";
				LD_RUNPATH_SEARCH_PATHS = (
					"$(inherited)",
					"@executable_path/Frameworks",
				);
				MARKETING_VERSION = 1.0;
				PRODUCT_BUNDLE_IDENTIFIER = com.ladletl.Wallet;
				PRODUCT_NAME = "$(TARGET_NAME)";
				SWIFT_EMIT_LOC_STRINGS = YES;
				SWIFT_VERSION = 5.0;
				TARGETED_DEVICE_FAMILY = "1,2";
			};
			name = Release;
		};
		A0E47F2C2DF731D9009DEDB8 /* Debug */ = {
			isa = XCBuildConfiguration;
			buildSettings = {
				ALWAYS_EMBED_SWIFT_STANDARD_LIBRARIES = YES;
				BUNDLE_LOADER = "$(TEST_HOST)";
				CODE_SIGN_STYLE = Automatic;
				CURRENT_PROJECT_VERSION = 1;
				GENERATE_INFOPLIST_FILE = YES;
				IPHONEOS_DEPLOYMENT_TARGET = 17.5;
				MARKETING_VERSION = 1.0;
				PRODUCT_BUNDLE_IDENTIFIER = com.ladletl.WalletTests;
				PRODUCT_NAME = "$(TARGET_NAME)";
				SWIFT_EMIT_LOC_STRINGS = NO;
				SWIFT_VERSION = 5.0;
				TARGETED_DEVICE_FAMILY = "1,2";
				TEST_HOST = "$(BUILT_PRODUCTS_DIR)/Wallet.app/$(BUNDLE_EXECUTABLE_FOLDER_PATH)/Wallet";
			};
			name = Debug;
		};
		A0E47F2D2DF731D9009DEDB8 /* Release */ = {
			isa = XCBuildConfiguration;
			buildSettings = {
				ALWAYS_EMBED_SWIFT_STANDARD_LIBRARIES = YES;
				BUNDLE_LOADER = "$(TEST_HOST)";
				CODE_SIGN_STYLE = Automatic;
				CURRENT_PROJECT_VERSION = 1;
				GENERATE_INFOPLIST_FILE = YES;
				IPHONEOS_DEPLOYMENT_TARGET = 17.5;
				MARKETING_VERSION = 1.0;
				PRODUCT_BUNDLE_IDENTIFIER = com.ladletl.WalletTests;
				PRODUCT_NAME = "$(TARGET_NAME)";
				SWIFT_EMIT_LOC_STRINGS = NO;
				SWIFT_VERSION = 5.0;
				TARGETED_DEVICE_FAMILY = "1,2";
				TEST_HOST = "$(BUILT_PRODUCTS_DIR)/Wallet.app/$(BUNDLE_EXECUTABLE_FOLDER_PATH)/Wallet";
			};
			name = Release;
		};
		A0E47F2F2DF731D9009DEDB8 /* Debug */ = {
			isa = XCBuildConfiguration;
			buildSettings = {
				ALWAYS_EMBED_SWIFT_STANDARD_LIBRARIES = YES;
				CODE_SIGN_STYLE = Automatic;
				CURRENT_PROJECT_VERSION = 1;
				GENERATE_INFOPLIST_FILE = YES;
				MARKETING_VERSION = 1.0;
				PRODUCT_BUNDLE_IDENTIFIER = com.ladletl.WalletUITests;
				PRODUCT_NAME = "$(TARGET_NAME)";
				SWIFT_EMIT_LOC_STRINGS = NO;
				SWIFT_VERSION = 5.0;
				TARGETED_DEVICE_FAMILY = "1,2";
				TEST_TARGET_NAME = Wallet;
			};
			name = Debug;
		};
		A0E47F302DF731D9009DEDB8 /* Release */ = {
			isa = XCBuildConfiguration;
			buildSettings = {
				ALWAYS_EMBED_SWIFT_STANDARD_LIBRARIES = YES;
				CODE_SIGN_STYLE = Automatic;
				CURRENT_PROJECT_VERSION = 1;
				GENERATE_INFOPLIST_FILE = YES;
				MARKETING_VERSION = 1.0;
				PRODUCT_BUNDLE_IDENTIFIER = com.ladletl.WalletUITests;
				PRODUCT_NAME = "$(TARGET_NAME)";
				SWIFT_EMIT_LOC_STRINGS = NO;
				SWIFT_VERSION = 5.0;
				TARGETED_DEVICE_FAMILY = "1,2";
				TEST_TARGET_NAME = Wallet;
			};
			name = Release;
		};
/* End XCBuildConfiguration section */

/* Begin XCConfigurationList section */
		A0E47EFD2DF731D6009DEDB8 /* Build configuration list for PBXProject "Wallet" */ = {
			isa = XCConfigurationList;
			buildConfigurations = (
				A0E47F262DF731D9009DEDB8 /* Debug */,
				A0E47F272DF731D9009DEDB8 /* Release */,
			);
			defaultConfigurationIsVisible = 0;
			defaultConfigurationName = Release;
		};
		A0E47F282DF731D9009DEDB8 /* Build configuration list for PBXNativeTarget "Wallet" */ = {
			isa = XCConfigurationList;
			buildConfigurations = (
				A0E47F292DF731D9009DEDB8 /* Debug */,
				A0E47F2A2DF731D9009DEDB8 /* Release */,
			);
			defaultConfigurationIsVisible = 0;
			defaultConfigurationName = Release;
		};
		A0E47F2B2DF731D9009DEDB8 /* Build configuration list for PBXNativeTarget "WalletTests" */ = {
			isa = XCConfigurationList;
			buildConfigurations = (
				A0E47F2C2DF731D9009DEDB8 /* Debug */,
				A0E47F2D2DF731D9009DEDB8 /* Release */,
			);
			defaultConfigurationIsVisible = 0;
			defaultConfigurationName = Release;
		};
		A0E47F2E2DF731D9009DEDB8 /* Build configuration list for PBXNativeTarget "WalletUITests" */ = {
			isa = XCConfigurationList;
			buildConfigurations = (
				A0E47F2F2DF731D9009DEDB8 /* Debug */,
				A0E47F302DF731D9009DEDB8 /* Release */,
			);
			defaultConfigurationIsVisible = 0;
			defaultConfigurationName = Release;
		};
/* End XCConfigurationList section */
	};
	rootObject = A0E47EFA2DF731D6009DEDB8 /* Project object */;
}
