{
  "originHash" : "f2792c7b9234fba380a1581df405e3291176867111e45a395fd4aa474bb67b4f",
  "pins" : [
    {
      "identity" : "ifrit",
      "kind" : "remoteSourceControl",
      "location" : "https://github.com/ukushu/Ifrit.git",
      "state" : {
        "revision" : "9b9556e14cee24ad16b19d0eb099283cf79a7d94",
        "version" : "3.0.0"
      }
    }
  ],
  "version" : 3
}
